
Microsoft Visual Studio Solution File, Format Version 10.00
# Visual Studio 2008
Project("{FAE04EC0-301F-11D3-BF4B-00C04F79EFBC}") = "MPOptions", "MPOptions\MPOptions.csproj", "{92C25679-8BF9-424A-B820-2C5EA24E685C}"
EndProject
Project("{FAE04EC0-301F-11D3-BF4B-00C04F79EFBC}") = "MPOptions.Test", "MPOptions.Test\MPOptions.Test.csproj", "{8ED7C429-4E8B-41B8-BBD0-BB3C8831CF57}"
EndProject
Project("{2150E333-8FDC-42A3-9474-1A3956D46DE8}") = "Solution Items", "Solution Items", "{5A91360F-77B2-450D-ADFF-B27F101B7506}"
	ProjectSection(SolutionItems) = preProject
		LocalTestRun.testrunconfig = LocalTestRun.testrunconfig
		MPOptions.vsmdi = MPOptions.vsmdi
		todo.txt = todo.txt
	EndProjectSection
EndProject
Global
	GlobalSection(TestCaseManagementSettings) = postSolution
		CategoryFile = MPOptions.vsmdi
	EndGlobalSection
	GlobalSection(SolutionConfigurationPlatforms) = preSolution
		Debug|Any CPU = Debug|Any CPU
		Release|Any CPU = Release|Any CPU
	EndGlobalSection
	GlobalSection(ProjectConfigurationPlatforms) = postSolution
		{92C25679-8BF9-424A-B820-2C5EA24E685C}.Debug|Any CPU.ActiveCfg = Debug|Any CPU
		{92C25679-8BF9-424A-B820-2C5EA24E685C}.Debug|Any CPU.Build.0 = Debug|Any CPU
		{92C25679-8BF9-424A-B820-2C5EA24E685C}.Release|Any CPU.ActiveCfg = Release|Any CPU
		{92C25679-8BF9-424A-B820-2C5EA24E685C}.Release|Any CPU.Build.0 = Release|Any CPU
		{8ED7C429-4E8B-41B8-BBD0-BB3C8831CF57}.Debug|Any CPU.ActiveCfg = Debug|Any CPU
		{8ED7C429-4E8B-41B8-BBD0-BB3C8831CF57}.Debug|Any CPU.Build.0 = Debug|Any CPU
		{8ED7C429-4E8B-41B8-BBD0-BB3C8831CF57}.Release|Any CPU.ActiveCfg = Release|Any CPU
		{8ED7C429-4E8B-41B8-BBD0-BB3C8831CF57}.Release|Any CPU.Build.0 = Release|Any CPU
	EndGlobalSection
	GlobalSection(SolutionProperties) = preSolution
		HideSolutionNode = FALSE
	EndGlobalSection
EndGlobal
